<Solution>
  <Folder Name="/src/">
    <Project Path="src/Sholto.App/Sholto.App.csproj" />
    <Project Path="src/Sholto.App.Analysis/Sholto.App.Analysis.csproj" />
    <Project Path="src/Sholto.Interface.MainUI/Sholto.Interface.MainUI.csproj" />
    <Project Path="src/Sholto.App.Audio/Sholto.App.Audio.csproj" />
    <Project Path="src/Sholto.Interface.Controller/Sholto.Interface.Controller.csproj" />
    <Project Path="src/Sholto.Interface.Controller.Mappings/Sholto.Interface.Controller.Mappings.csproj" />
    <Project Path="src/Sholto.App.Dsp/Sholto.App.Dsp.csproj" />
    <Project Path="src/Sholto.App.ExternalTools/Sholto.App.ExternalTools.csproj" />
    <Project Path="src/Sholto.Interface.Faceplate/Sholto.Interface.Faceplate.csproj" />
    <Project Path="src/Sholto.Interface.Keyboard/Sholto.Interface.Keyboard.csproj" />
    <Project Path="src/Sholto.Interface.Faceplate.Devices/Sholto.Interface.Faceplate.Devices.csproj" />
    <Project Path="src/Sholto.Data/Sholto.Data.csproj" />
    <Project Path="src/Sholto.App.Library/Sholto.App.Library.csproj" />
    <Project Path="src/Sholto.App.Settings/Sholto.App.Settings.csproj" />
    <Project Path="src/Sholto.App.Storage/Sholto.App.Storage.csproj" />
  </Folder>
  <Folder Name="/tools/">
    <Project Path="tools/Sholto.Interface.Bench/Sholto.Interface.Bench.csproj" />
    <Project Path="tools/Sholto.Interface.MainUI.Harness/Sholto.Interface.MainUI.Harness.csproj" />
  </Folder>
  <!-- Test projects detached 2026-09-12 for the ports-and-composition refactor.
       Files are untouched on disk; re-add a <Project Path="..."/> line per project to
       restore. Detached: Sholto.App.Audio.Golden, Sholto.Interface.Bench.Tests, Sholto.Interface.MainUI.Tests,
       Sholto.App.Audio.Tests, Sholto.Interface.Controller.Tests, Sholto.Interface.Faceplate.Tests,
       Sholto.App.Library.Tests, Sholto.App.Storage.Tests. -->
</Solution>
